<?xml version="1.0" encoding="utf-8"?>
<Project ToolsVersion="4.0" xmlns="http://schemas.microsoft.com/developer/msbuild/2003">
  <ItemGroup>
    <Filter Include="include">
      <UniqueIdentifier>{0FEB36D4-DED9-B510-4A82-8CE6435F7E81}</UniqueIdentifier>
    </Filter>
    <Filter Include="include\libpng">
      <UniqueIdentifier>{81632216-5FE2-8BB4-929F-2BFA3DC48D49}</UniqueIdentifier>
    </Filter>
    <Filter Include="include\libpng\contrib">
      <UniqueIdentifier>{02A66935-A9C2-92D7-C17C-498DADE39620}</UniqueIdentifier>
    </Filter>
    <Filter Include="include\libpng\contrib\visupng">
      <UniqueIdentifier>{FE4D221B-0182-E2E8-6733-34A5F2818869}</UniqueIdentifier>
    </Filter>
    <Filter Include="source">
      <UniqueIdentifier>{F438CD36-9A9B-08FA-222C-0DC9EBFE35EB}</UniqueIdentifier>
    </Filter>
  </ItemGroup>
  <ItemGroup>
    <ClInclude Include="include\libpng\png.h">
      <Filter>include\libpng</Filter>
    </ClInclude>
    <ClInclude Include="include\libpng\pngconf.h">
      <Filter>include\libpng</Filter>
    </ClInclude>
    <ClInclude Include="include\libpng\pngdebug.h">
      <Filter>include\libpng</Filter>
    </ClInclude>
    <ClInclude Include="include\libpng\pnginfo.h">
      <Filter>include\libpng</Filter>
    </ClInclude>
    <ClInclude Include="include\libpng\pnglibconf.h">
      <Filter>include\libpng</Filter>
    </ClInclude>
    <ClInclude Include="include\libpng\pngpriv.h">
      <Filter>include\libpng</Filter>
    </ClInclude>
    <ClInclude Include="include\libpng\pngstruct.h">
      <Filter>include\libpng</Filter>
    </ClInclude>
    <ClInclude Include="include\libpng\contrib\visupng\cexcept.h">
      <Filter>include\libpng\contrib\visupng</Filter>
    </ClInclude>
  </ItemGroup>
  <ItemGroup>
    <ClCompile Include="source\png.c">
      <Filter>source</Filter>
    </ClCompile>
    <ClCompile Include="source\pngerror.c">
      <Filter>source</Filter>
    </ClCompile>
    <ClCompile Include="source\pngget.c">
      <Filter>source</Filter>
    </ClCompile>
    <ClCompile Include="source\pngmem.c">
      <Filter>source</Filter>
    </ClCompile>
    <ClCompile Include="source\pngpread.c">
      <Filter>source</Filter>
    </ClCompile>
    <ClCompile Include="source\pngread.c">
      <Filter>source</Filter>
    </ClCompile>
    <ClCompile Include="source\pngrio.c">
      <Filter>source</Filter>
    </ClCompile>
    <ClCompile Include="source\pngrtran.c">
      <Filter>source</Filter>
    </ClCompile>
    <ClCompile Include="source\pngrutil.c">
      <Filter>source</Filter>
    </ClCompile>
    <ClCompile Include="source\pngset.c">
      <Filter>source</Filter>
    </ClCompile>
    <ClCompile Include="source\pngtrans.c">
      <Filter>source</Filter>
    </ClCompile>
    <ClCompile Include="source\pngwio.c">
      <Filter>source</Filter>
    </ClCompile>
    <ClCompile Include="source\pngwrite.c">
      <Filter>source</Filter>
    </ClCompile>
    <ClCompile Include="source\pngwtran.c">
      <Filter>source</Filter>
    </ClCompile>
    <ClCompile Include="source\pngwutil.c">
      <Filter>source</Filter>
    </ClCompile>
  </ItemGroup>
</Project>